
Microsoft Visual Studio Solution File, Format Version 12.00
# Visual Studio 14
VisualStudioVersion = 14.0.23107.0
MinimumVisualStudioVersion = 10.0.40219.1
Project("{FAE04EC0-301F-11D3-BF4B-00C04F79EFBC}") = "AdaptiveTriggers", "AdaptiveTriggers\AdaptiveTriggers.csproj", "{5B9D22A5-2679-42CA-B143-C251EBF594B9}"
EndProject
Project("{FAE04EC0-301F-11D3-BF4B-00C04F79EFBC}") = "DeviceSpecificView", "DeviceSpecificView\DeviceSpecificView.csproj", "{FD37ADBD-2B6C-4E04-AF39-56DA079ACA33}"
EndProject
Project("{FAE04EC0-301F-11D3-BF4B-00C04F79EFBC}") = "RelativePanel", "RelativePanel\RelativePanel.csproj", "{48ACC7D3-7E56-4A47-B0E3-62C20955AD76}"
EndProject
Project("{FAE04EC0-301F-11D3-BF4B-00C04F79EFBC}") = "SplitView", "SplitView\SplitView.csproj", "{7FB4FDD4-58FE-4BAC-A690-22C401AD29E3}"
EndProject
Project("{FAE04EC0-301F-11D3-BF4B-00C04F79EFBC}") = "WinDaysXV", "WinDaysXV\WinDaysXV.csproj", "{D19A5866-8C11-44AA-9824-17AE808AAF2B}"
EndProject
Global
	GlobalSection(SolutionConfigurationPlatforms) = preSolution
		Debug|Any CPU = Debug|Any CPU
		Debug|ARM = Debug|ARM
		Debug|x64 = Debug|x64
		Debug|x86 = Debug|x86
		Release|Any CPU = Release|Any CPU
		Release|ARM = Release|ARM
		Release|x64 = Release|x64
		Release|x86 = Release|x86
	EndGlobalSection
	GlobalSection(ProjectConfigurationPlatforms) = postSolution
		{5B9D22A5-2679-42CA-B143-C251EBF594B9}.Debug|Any CPU.ActiveCfg = Debug|x86
		{5B9D22A5-2679-42CA-B143-C251EBF594B9}.Debug|ARM.ActiveCfg = Debug|ARM
		{5B9D22A5-2679-42CA-B143-C251EBF594B9}.Debug|ARM.Build.0 = Debug|ARM
		{5B9D22A5-2679-42CA-B143-C251EBF594B9}.Debug|ARM.Deploy.0 = Debug|ARM
		{5B9D22A5-2679-42CA-B143-C251EBF594B9}.Debug|x64.ActiveCfg = Debug|x64
		{5B9D22A5-2679-42CA-B143-C251EBF594B9}.Debug|x64.Build.0 = Debug|x64
		{5B9D22A5-2679-42CA-B143-C251EBF594B9}.Debug|x64.Deploy.0 = Debug|x64
		{5B9D22A5-2679-42CA-B143-C251EBF594B9}.Debug|x86.ActiveCfg = Debug|x86
		{5B9D22A5-2679-42CA-B143-C251EBF594B9}.Debug|x86.Build.0 = Debug|x86
		{5B9D22A5-2679-42CA-B143-C251EBF594B9}.Debug|x86.Deploy.0 = Debug|x86
		{5B9D22A5-2679-42CA-B143-C251EBF594B9}.Release|Any CPU.ActiveCfg = Release|x86
		{5B9D22A5-2679-42CA-B143-C251EBF594B9}.Release|ARM.ActiveCfg = Release|ARM
		{5B9D22A5-2679-42CA-B143-C251EBF594B9}.Release|ARM.Build.0 = Release|ARM
		{5B9D22A5-2679-42CA-B143-C251EBF594B9}.Release|ARM.Deploy.0 = Release|ARM
		{5B9D22A5-2679-42CA-B143-C251EBF594B9}.Release|x64.ActiveCfg = Release|x64
		{5B9D22A5-2679-42CA-B143-C251EBF594B9}.Release|x64.Build.0 = Release|x64
		{5B9D22A5-2679-42CA-B143-C251EBF594B9}.Release|x64.Deploy.0 = Release|x64
		{5B9D22A5-2679-42CA-B143-C251EBF594B9}.Release|x86.ActiveCfg = Release|x86
		{5B9D22A5-2679-42CA-B143-C251EBF594B9}.Release|x86.Build.0 = Release|x86
		{5B9D22A5-2679-42CA-B143-C251EBF594B9}.Release|x86.Deploy.0 = Release|x86
		{FD37ADBD-2B6C-4E04-AF39-56DA079ACA33}.Debug|Any CPU.ActiveCfg = Debug|x86
		{FD37ADBD-2B6C-4E04-AF39-56DA079ACA33}.Debug|ARM.ActiveCfg = Debug|ARM
		{FD37ADBD-2B6C-4E04-AF39-56DA079ACA33}.Debug|ARM.Build.0 = Debug|ARM
		{FD37ADBD-2B6C-4E04-AF39-56DA079ACA33}.Debug|ARM.Deploy.0 = Debug|ARM
		{FD37ADBD-2B6C-4E04-AF39-56DA079ACA33}.Debug|x64.ActiveCfg = Debug|x64
		{FD37ADBD-2B6C-4E04-AF39-56DA079ACA33}.Debug|x64.Build.0 = Debug|x64
		{FD37ADBD-2B6C-4E04-AF39-56DA079ACA33}.Debug|x64.Deploy.0 = Debug|x64
		{FD37ADBD-2B6C-4E04-AF39-56DA079ACA33}.Debug|x86.ActiveCfg = Debug|x86
		{FD37ADBD-2B6C-4E04-AF39-56DA079ACA33}.Debug|x86.Build.0 = Debug|x86
		{FD37ADBD-2B6C-4E04-AF39-56DA079ACA33}.Debug|x86.Deploy.0 = Debug|x86
		{FD37ADBD-2B6C-4E04-AF39-56DA079ACA33}.Release|Any CPU.ActiveCfg = Release|x86
		{FD37ADBD-2B6C-4E04-AF39-56DA079ACA33}.Release|ARM.ActiveCfg = Release|ARM
		{FD37ADBD-2B6C-4E04-AF39-56DA079ACA33}.Release|ARM.Build.0 = Release|ARM
		{FD37ADBD-2B6C-4E04-AF39-56DA079ACA33}.Release|ARM.Deploy.0 = Release|ARM
		{FD37ADBD-2B6C-4E04-AF39-56DA079ACA33}.Release|x64.ActiveCfg = Release|x64
		{FD37ADBD-2B6C-4E04-AF39-56DA079ACA33}.Release|x64.Build.0 = Release|x64
		{FD37ADBD-2B6C-4E04-AF39-56DA079ACA33}.Release|x64.Deploy.0 = Release|x64
		{FD37ADBD-2B6C-4E04-AF39-56DA079ACA33}.Release|x86.ActiveCfg = Release|x86
		{FD37ADBD-2B6C-4E04-AF39-56DA079ACA33}.Release|x86.Build.0 = Release|x86
		{FD37ADBD-2B6C-4E04-AF39-56DA079ACA33}.Release|x86.Deploy.0 = Release|x86
		{48ACC7D3-7E56-4A47-B0E3-62C20955AD76}.Debug|Any CPU.ActiveCfg = Debug|x86
		{48ACC7D3-7E56-4A47-B0E3-62C20955AD76}.Debug|ARM.ActiveCfg = Debug|ARM
		{48ACC7D3-7E56-4A47-B0E3-62C20955AD76}.Debug|ARM.Build.0 = Debug|ARM
		{48ACC7D3-7E56-4A47-B0E3-62C20955AD76}.Debug|ARM.Deploy.0 = Debug|ARM
		{48ACC7D3-7E56-4A47-B0E3-62C20955AD76}.Debug|x64.ActiveCfg = Debug|x64
		{48ACC7D3-7E56-4A47-B0E3-62C20955AD76}.Debug|x64.Build.0 = Debug|x64
		{48ACC7D3-7E56-4A47-B0E3-62C20955AD76}.Debug|x64.Deploy.0 = Debug|x64
		{48ACC7D3-7E56-4A47-B0E3-62C20955AD76}.Debug|x86.ActiveCfg = Debug|x86
		{48ACC7D3-7E56-4A47-B0E3-62C20955AD76}.Debug|x86.Build.0 = Debug|x86
		{48ACC7D3-7E56-4A47-B0E3-62C20955AD76}.Debug|x86.Deploy.0 = Debug|x86
		{48ACC7D3-7E56-4A47-B0E3-62C20955AD76}.Release|Any CPU.ActiveCfg = Release|x86
		{48ACC7D3-7E56-4A47-B0E3-62C20955AD76}.Release|ARM.ActiveCfg = Release|ARM
		{48ACC7D3-7E56-4A47-B0E3-62C20955AD76}.Release|ARM.Build.0 = Release|ARM
		{48ACC7D3-7E56-4A47-B0E3-62C20955AD76}.Release|ARM.Deploy.0 = Release|ARM
		{48ACC7D3-7E56-4A47-B0E3-62C20955AD76}.Release|x64.ActiveCfg = Release|x64
		{48ACC7D3-7E56-4A47-B0E3-62C20955AD76}.Release|x64.Build.0 = Release|x64
		{48ACC7D3-7E56-4A47-B0E3-62C20955AD76}.Release|x64.Deploy.0 = Release|x64
		{48ACC7D3-7E56-4A47-B0E3-62C20955AD76}.Release|x86.ActiveCfg = Release|x86
		{48ACC7D3-7E56-4A47-B0E3-62C20955AD76}.Release|x86.Build.0 = Release|x86
		{48ACC7D3-7E56-4A47-B0E3-62C20955AD76}.Release|x86.Deploy.0 = Release|x86
		{7FB4FDD4-58FE-4BAC-A690-22C401AD29E3}.Debug|Any CPU.ActiveCfg = Debug|x86
		{7FB4FDD4-58FE-4BAC-A690-22C401AD29E3}.Debug|ARM.ActiveCfg = Debug|ARM
		{7FB4FDD4-58FE-4BAC-A690-22C401AD29E3}.Debug|ARM.Build.0 = Debug|ARM
		{7FB4FDD4-58FE-4BAC-A690-22C401AD29E3}.Debug|ARM.Deploy.0 = Debug|ARM
		{7FB4FDD4-58FE-4BAC-A690-22C401AD29E3}.Debug|x64.ActiveCfg = Debug|x64
		{7FB4FDD4-58FE-4BAC-A690-22C401AD29E3}.Debug|x64.Build.0 = Debug|x64
		{7FB4FDD4-58FE-4BAC-A690-22C401AD29E3}.Debug|x64.Deploy.0 = Debug|x64
		{7FB4FDD4-58FE-4BAC-A690-22C401AD29E3}.Debug|x86.ActiveCfg = Debug|x86
		{7FB4FDD4-58FE-4BAC-A690-22C401AD29E3}.Debug|x86.Build.0 = Debug|x86
		{7FB4FDD4-58FE-4BAC-A690-22C401AD29E3}.Debug|x86.Deploy.0 = Debug|x86
		{7FB4FDD4-58FE-4BAC-A690-22C401AD29E3}.Release|Any CPU.ActiveCfg = Release|x86
		{7FB4FDD4-58FE-4BAC-A690-22C401AD29E3}.Release|ARM.ActiveCfg = Release|ARM
		{7FB4FDD4-58FE-4BAC-A690-22C401AD29E3}.Release|ARM.Build.0 = Release|ARM
		{7FB4FDD4-58FE-4BAC-A690-22C401AD29E3}.Release|ARM.Deploy.0 = Release|ARM
		{7FB4FDD4-58FE-4BAC-A690-22C401AD29E3}.Release|x64.ActiveCfg = Release|x64
		{7FB4FDD4-58FE-4BAC-A690-22C401AD29E3}.Release|x64.Build.0 = Release|x64
		{7FB4FDD4-58FE-4BAC-A690-22C401AD29E3}.Release|x64.Deploy.0 = Release|x64
		{7FB4FDD4-58FE-4BAC-A690-22C401AD29E3}.Release|x86.ActiveCfg = Release|x86
		{7FB4FDD4-58FE-4BAC-A690-22C401AD29E3}.Release|x86.Build.0 = Release|x86
		{7FB4FDD4-58FE-4BAC-A690-22C401AD29E3}.Release|x86.Deploy.0 = Release|x86
		{D19A5866-8C11-44AA-9824-17AE808AAF2B}.Debug|Any CPU.ActiveCfg = Debug|x86
		{D19A5866-8C11-44AA-9824-17AE808AAF2B}.Debug|ARM.ActiveCfg = Debug|ARM
		{D19A5866-8C11-44AA-9824-17AE808AAF2B}.Debug|ARM.Build.0 = Debug|ARM
		{D19A5866-8C11-44AA-9824-17AE808AAF2B}.Debug|ARM.Deploy.0 = Debug|ARM
		{D19A5866-8C11-44AA-9824-17AE808AAF2B}.Debug|x64.ActiveCfg = Debug|x64
		{D19A5866-8C11-44AA-9824-17AE808AAF2B}.Debug|x64.Build.0 = Debug|x64
		{D19A5866-8C11-44AA-9824-17AE808AAF2B}.Debug|x64.Deploy.0 = Debug|x64
		{D19A5866-8C11-44AA-9824-17AE808AAF2B}.Debug|x86.ActiveCfg = Debug|x86
		{D19A5866-8C11-44AA-9824-17AE808AAF2B}.Debug|x86.Build.0 = Debug|x86
		{D19A5866-8C11-44AA-9824-17AE808AAF2B}.Debug|x86.Deploy.0 = Debug|x86
		{D19A5866-8C11-44AA-9824-17AE808AAF2B}.Release|Any CPU.ActiveCfg = Release|x86
		{D19A5866-8C11-44AA-9824-17AE808AAF2B}.Release|ARM.ActiveCfg = Release|ARM
		{D19A5866-8C11-44AA-9824-17AE808AAF2B}.Release|ARM.Build.0 = Release|ARM
		{D19A5866-8C11-44AA-9824-17AE808AAF2B}.Release|ARM.Deploy.0 = Release|ARM
		{D19A5866-8C11-44AA-9824-17AE808AAF2B}.Release|x64.ActiveCfg = Release|x64
		{D19A5866-8C11-44AA-9824-17AE808AAF2B}.Release|x64.Build.0 = Release|x64
		{D19A5866-8C11-44AA-9824-17AE808AAF2B}.Release|x64.Deploy.0 = Release|x64
		{D19A5866-8C11-44AA-9824-17AE808AAF2B}.Release|x86.ActiveCfg = Release|x86
		{D19A5866-8C11-44AA-9824-17AE808AAF2B}.Release|x86.Build.0 = Release|x86
		{D19A5866-8C11-44AA-9824-17AE808AAF2B}.Release|x86.Deploy.0 = Release|x86
	EndGlobalSection
	GlobalSection(SolutionProperties) = preSolution
		HideSolutionNode = FALSE
	EndGlobalSection
EndGlobal
