
Microsoft Visual Studio Solution File, Format Version 12.00
# Visual Studio 14
VisualStudioVersion = 14.0.22609.0
MinimumVisualStudioVersion = 10.0.40219.1
Project("{FAE04EC0-301F-11D3-BF4B-00C04F79EFBC}") = "AdaptiveTriggers", "AdaptiveTriggers\AdaptiveTriggers.csproj", "{2EA61A40-593A-4417-B038-6D5A07A7A233}"
EndProject
Project("{FAE04EC0-301F-11D3-BF4B-00C04F79EFBC}") = "SplitView", "SplitView\SplitView.csproj", "{0FF675BC-BC1D-4422-98FD-292465A96FAA}"
EndProject
Project("{FAE04EC0-301F-11D3-BF4B-00C04F79EFBC}") = "DeviceSpecificView", "DeviceSpecificView\DeviceSpecificView.csproj", "{DED72746-45A0-41A9-A00F-A5928E3629D1}"
EndProject
Global
	GlobalSection(SolutionConfigurationPlatforms) = preSolution
		Debug|Any CPU = Debug|Any CPU
		Debug|ARM = Debug|ARM
		Debug|x64 = Debug|x64
		Debug|x86 = Debug|x86
		Release|Any CPU = Release|Any CPU
		Release|ARM = Release|ARM
		Release|x64 = Release|x64
		Release|x86 = Release|x86
	EndGlobalSection
	GlobalSection(ProjectConfigurationPlatforms) = postSolution
		{2EA61A40-593A-4417-B038-6D5A07A7A233}.Debug|Any CPU.ActiveCfg = Debug|Any CPU
		{2EA61A40-593A-4417-B038-6D5A07A7A233}.Debug|Any CPU.Build.0 = Debug|Any CPU
		{2EA61A40-593A-4417-B038-6D5A07A7A233}.Debug|Any CPU.Deploy.0 = Debug|Any CPU
		{2EA61A40-593A-4417-B038-6D5A07A7A233}.Debug|ARM.ActiveCfg = Debug|ARM
		{2EA61A40-593A-4417-B038-6D5A07A7A233}.Debug|ARM.Build.0 = Debug|ARM
		{2EA61A40-593A-4417-B038-6D5A07A7A233}.Debug|ARM.Deploy.0 = Debug|ARM
		{2EA61A40-593A-4417-B038-6D5A07A7A233}.Debug|x64.ActiveCfg = Debug|x64
		{2EA61A40-593A-4417-B038-6D5A07A7A233}.Debug|x64.Build.0 = Debug|x64
		{2EA61A40-593A-4417-B038-6D5A07A7A233}.Debug|x64.Deploy.0 = Debug|x64
		{2EA61A40-593A-4417-B038-6D5A07A7A233}.Debug|x86.ActiveCfg = Debug|x86
		{2EA61A40-593A-4417-B038-6D5A07A7A233}.Debug|x86.Build.0 = Debug|x86
		{2EA61A40-593A-4417-B038-6D5A07A7A233}.Debug|x86.Deploy.0 = Debug|x86
		{2EA61A40-593A-4417-B038-6D5A07A7A233}.Release|Any CPU.ActiveCfg = Release|Any CPU
		{2EA61A40-593A-4417-B038-6D5A07A7A233}.Release|Any CPU.Build.0 = Release|Any CPU
		{2EA61A40-593A-4417-B038-6D5A07A7A233}.Release|Any CPU.Deploy.0 = Release|Any CPU
		{2EA61A40-593A-4417-B038-6D5A07A7A233}.Release|ARM.ActiveCfg = Release|ARM
		{2EA61A40-593A-4417-B038-6D5A07A7A233}.Release|ARM.Build.0 = Release|ARM
		{2EA61A40-593A-4417-B038-6D5A07A7A233}.Release|ARM.Deploy.0 = Release|ARM
		{2EA61A40-593A-4417-B038-6D5A07A7A233}.Release|x64.ActiveCfg = Release|x64
		{2EA61A40-593A-4417-B038-6D5A07A7A233}.Release|x64.Build.0 = Release|x64
		{2EA61A40-593A-4417-B038-6D5A07A7A233}.Release|x64.Deploy.0 = Release|x64
		{2EA61A40-593A-4417-B038-6D5A07A7A233}.Release|x86.ActiveCfg = Release|x86
		{2EA61A40-593A-4417-B038-6D5A07A7A233}.Release|x86.Build.0 = Release|x86
		{2EA61A40-593A-4417-B038-6D5A07A7A233}.Release|x86.Deploy.0 = Release|x86
		{0FF675BC-BC1D-4422-98FD-292465A96FAA}.Debug|Any CPU.ActiveCfg = Debug|Any CPU
		{0FF675BC-BC1D-4422-98FD-292465A96FAA}.Debug|Any CPU.Build.0 = Debug|Any CPU
		{0FF675BC-BC1D-4422-98FD-292465A96FAA}.Debug|Any CPU.Deploy.0 = Debug|Any CPU
		{0FF675BC-BC1D-4422-98FD-292465A96FAA}.Debug|ARM.ActiveCfg = Debug|ARM
		{0FF675BC-BC1D-4422-98FD-292465A96FAA}.Debug|ARM.Build.0 = Debug|ARM
		{0FF675BC-BC1D-4422-98FD-292465A96FAA}.Debug|ARM.Deploy.0 = Debug|ARM
		{0FF675BC-BC1D-4422-98FD-292465A96FAA}.Debug|x64.ActiveCfg = Debug|x64
		{0FF675BC-BC1D-4422-98FD-292465A96FAA}.Debug|x64.Build.0 = Debug|x64
		{0FF675BC-BC1D-4422-98FD-292465A96FAA}.Debug|x64.Deploy.0 = Debug|x64
		{0FF675BC-BC1D-4422-98FD-292465A96FAA}.Debug|x86.ActiveCfg = Debug|x86
		{0FF675BC-BC1D-4422-98FD-292465A96FAA}.Debug|x86.Build.0 = Debug|x86
		{0FF675BC-BC1D-4422-98FD-292465A96FAA}.Debug|x86.Deploy.0 = Debug|x86
		{0FF675BC-BC1D-4422-98FD-292465A96FAA}.Release|Any CPU.ActiveCfg = Release|Any CPU
		{0FF675BC-BC1D-4422-98FD-292465A96FAA}.Release|Any CPU.Build.0 = Release|Any CPU
		{0FF675BC-BC1D-4422-98FD-292465A96FAA}.Release|Any CPU.Deploy.0 = Release|Any CPU
		{0FF675BC-BC1D-4422-98FD-292465A96FAA}.Release|ARM.ActiveCfg = Release|ARM
		{0FF675BC-BC1D-4422-98FD-292465A96FAA}.Release|ARM.Build.0 = Release|ARM
		{0FF675BC-BC1D-4422-98FD-292465A96FAA}.Release|ARM.Deploy.0 = Release|ARM
		{0FF675BC-BC1D-4422-98FD-292465A96FAA}.Release|x64.ActiveCfg = Release|x64
		{0FF675BC-BC1D-4422-98FD-292465A96FAA}.Release|x64.Build.0 = Release|x64
		{0FF675BC-BC1D-4422-98FD-292465A96FAA}.Release|x64.Deploy.0 = Release|x64
		{0FF675BC-BC1D-4422-98FD-292465A96FAA}.Release|x86.ActiveCfg = Release|x86
		{0FF675BC-BC1D-4422-98FD-292465A96FAA}.Release|x86.Build.0 = Release|x86
		{0FF675BC-BC1D-4422-98FD-292465A96FAA}.Release|x86.Deploy.0 = Release|x86
		{DED72746-45A0-41A9-A00F-A5928E3629D1}.Debug|Any CPU.ActiveCfg = Debug|Any CPU
		{DED72746-45A0-41A9-A00F-A5928E3629D1}.Debug|Any CPU.Build.0 = Debug|Any CPU
		{DED72746-45A0-41A9-A00F-A5928E3629D1}.Debug|Any CPU.Deploy.0 = Debug|Any CPU
		{DED72746-45A0-41A9-A00F-A5928E3629D1}.Debug|ARM.ActiveCfg = Debug|ARM
		{DED72746-45A0-41A9-A00F-A5928E3629D1}.Debug|ARM.Build.0 = Debug|ARM
		{DED72746-45A0-41A9-A00F-A5928E3629D1}.Debug|ARM.Deploy.0 = Debug|ARM
		{DED72746-45A0-41A9-A00F-A5928E3629D1}.Debug|x64.ActiveCfg = Debug|x64
		{DED72746-45A0-41A9-A00F-A5928E3629D1}.Debug|x64.Build.0 = Debug|x64
		{DED72746-45A0-41A9-A00F-A5928E3629D1}.Debug|x64.Deploy.0 = Debug|x64
		{DED72746-45A0-41A9-A00F-A5928E3629D1}.Debug|x86.ActiveCfg = Debug|x86
		{DED72746-45A0-41A9-A00F-A5928E3629D1}.Debug|x86.Build.0 = Debug|x86
		{DED72746-45A0-41A9-A00F-A5928E3629D1}.Debug|x86.Deploy.0 = Debug|x86
		{DED72746-45A0-41A9-A00F-A5928E3629D1}.Release|Any CPU.ActiveCfg = Release|Any CPU
		{DED72746-45A0-41A9-A00F-A5928E3629D1}.Release|Any CPU.Build.0 = Release|Any CPU
		{DED72746-45A0-41A9-A00F-A5928E3629D1}.Release|Any CPU.Deploy.0 = Release|Any CPU
		{DED72746-45A0-41A9-A00F-A5928E3629D1}.Release|ARM.ActiveCfg = Release|ARM
		{DED72746-45A0-41A9-A00F-A5928E3629D1}.Release|ARM.Build.0 = Release|ARM
		{DED72746-45A0-41A9-A00F-A5928E3629D1}.Release|ARM.Deploy.0 = Release|ARM
		{DED72746-45A0-41A9-A00F-A5928E3629D1}.Release|x64.ActiveCfg = Release|x64
		{DED72746-45A0-41A9-A00F-A5928E3629D1}.Release|x64.Build.0 = Release|x64
		{DED72746-45A0-41A9-A00F-A5928E3629D1}.Release|x64.Deploy.0 = Release|x64
		{DED72746-45A0-41A9-A00F-A5928E3629D1}.Release|x86.ActiveCfg = Release|x86
		{DED72746-45A0-41A9-A00F-A5928E3629D1}.Release|x86.Build.0 = Release|x86
		{DED72746-45A0-41A9-A00F-A5928E3629D1}.Release|x86.Deploy.0 = Release|x86
	EndGlobalSection
	GlobalSection(SolutionProperties) = preSolution
		HideSolutionNode = FALSE
	EndGlobalSection
EndGlobal
